
Microsoft Visual Studio Solution File, Format Version 12.00
# Visual Studio Version 17
VisualStudioVersion = 17.13.35919.96
MinimumVisualStudioVersion = 10.0.40219.1
Project("{FAE04EC0-301F-11D3-BF4B-00C04F79EFBC}") = "WinFormsApp1", "WinFormsApp1.csproj", "{B12C7450-5C63-4C52-BAB4-01E30EE107DD}"
EndProject
Project("{FAE04EC0-301F-11D3-BF4B-00C04F79EFBC}") = "UnitTestProject1", "..\UnitTestProject1\UnitTestProject1.csproj", "{740DA13B-7BBE-4978-95A5-4F2DDDB5299F}"
EndProject
Global
	GlobalSection(SolutionConfigurationPlatforms) = preSolution
		Debug|Any CPU = Debug|Any CPU
		Release|Any CPU = Release|Any CPU
	EndGlobalSection
	GlobalSection(ProjectConfigurationPlatforms) = postSolution
		{B12C7450-5C63-4C52-BAB4-01E30EE107DD}.Debug|Any CPU.ActiveCfg = Debug|Any CPU
		{B12C7450-5C63-4C52-BAB4-01E30EE107DD}.Debug|Any CPU.Build.0 = Debug|Any CPU
		{B12C7450-5C63-4C52-BAB4-01E30EE107DD}.Release|Any CPU.ActiveCfg = Release|Any CPU
		{B12C7450-5C63-4C52-BAB4-01E30EE107DD}.Release|Any CPU.Build.0 = Release|Any CPU
		{740DA13B-7BBE-4978-95A5-4F2DDDB5299F}.Debug|Any CPU.ActiveCfg = Debug|Any CPU
		{740DA13B-7BBE-4978-95A5-4F2DDDB5299F}.Debug|Any CPU.Build.0 = Debug|Any CPU
		{740DA13B-7BBE-4978-95A5-4F2DDDB5299F}.Release|Any CPU.ActiveCfg = Release|Any CPU
		{740DA13B-7BBE-4978-95A5-4F2DDDB5299F}.Release|Any CPU.Build.0 = Release|Any CPU
	EndGlobalSection
	GlobalSection(SolutionProperties) = preSolution
		HideSolutionNode = FALSE
	EndGlobalSection
	GlobalSection(ExtensibilityGlobals) = postSolution
		SolutionGuid = {BB161B21-9294-4E48-B231-99A3A4C11A7F}
	EndGlobalSection
EndGlobal
